
Microsoft Visual Studio Solution File, Format Version 12.00
# Visual Studio 15
VisualStudioVersion = 15.0.28307.572
MinimumVisualStudioVersion = 10.0.40219.1
Project("{FAE04EC0-301F-11D3-BF4B-00C04F79EFBC}") = "CSharpFinal", "CSharpFinal\CSharpFinal.csproj", "{B8F0892B-7289-4445-81F9-C21F39852F87}"
EndProject
Global
	GlobalSection(SolutionConfigurationPlatforms) = preSolution
		Debug|Any CPU = Debug|Any CPU
		Release|Any CPU = Release|Any CPU
	EndGlobalSection
	GlobalSection(ProjectConfigurationPlatforms) = postSolution
		{B8F0892B-7289-4445-81F9-C21F39852F87}.Debug|Any CPU.ActiveCfg = Debug|Any CPU
		{B8F0892B-7289-4445-81F9-C21F39852F87}.Debug|Any CPU.Build.0 = Debug|Any CPU
		{B8F0892B-7289-4445-81F9-C21F39852F87}.Release|Any CPU.ActiveCfg = Release|Any CPU
		{B8F0892B-7289-4445-81F9-C21F39852F87}.Release|Any CPU.Build.0 = Release|Any CPU
	EndGlobalSection
	GlobalSection(SolutionProperties) = preSolution
		HideSolutionNode = FALSE
	EndGlobalSection
	GlobalSection(ExtensibilityGlobals) = postSolution
		SolutionGuid = {4B699ED1-1F81-4230-8659-1DAFB34B5873}
	EndGlobalSection
EndGlobal
