
Microsoft Visual Studio Solution File, Format Version 12.00
# Visual Studio 15
VisualStudioVersion = 15.0.28307.572
MinimumVisualStudioVersion = 10.0.40219.1
Project("{FAE04EC0-301F-11D3-BF4B-00C04F79EFBC}") = "FinalProjectAPI", "FinalProjectAPI\FinalProjectAPI.csproj", "{617CC61D-98F7-4546-969F-89B7F8F4642C}"
EndProject
Global
	GlobalSection(SolutionConfigurationPlatforms) = preSolution
		Debug|Any CPU = Debug|Any CPU
		Release|Any CPU = Release|Any CPU
	EndGlobalSection
	GlobalSection(ProjectConfigurationPlatforms) = postSolution
		{617CC61D-98F7-4546-969F-89B7F8F4642C}.Debug|Any CPU.ActiveCfg = Debug|Any CPU
		{617CC61D-98F7-4546-969F-89B7F8F4642C}.Debug|Any CPU.Build.0 = Debug|Any CPU
		{617CC61D-98F7-4546-969F-89B7F8F4642C}.Release|Any CPU.ActiveCfg = Release|Any CPU
		{617CC61D-98F7-4546-969F-89B7F8F4642C}.Release|Any CPU.Build.0 = Release|Any CPU
	EndGlobalSection
	GlobalSection(SolutionProperties) = preSolution
		HideSolutionNode = FALSE
	EndGlobalSection
	GlobalSection(ExtensibilityGlobals) = postSolution
		SolutionGuid = {89722A59-5167-4F7C-99BC-8975299F5784}
	EndGlobalSection
EndGlobal
